{
  "name": "software",
  "version": "1.0.0",
  "lockfileVersion": 1,
  "requires": true,
  "dependencies": {
    "@tailwindcss/forms": {
      "version": "0.3.4",
      "resolved": "https://registry.npmjs.org/@tailwindcss/forms/-/forms-0.3.4.tgz",
      "integrity": "sha512-vlAoBifNJUkagB+PAdW4aHMe4pKmSLroH398UPgIogBFc91D2VlHUxe4pjxQhiJl0Nfw53sHSJSQBSTQBZP3vA==",
      "dev": true,
      "requires": {
        "mini-svg-data-uri": "^1.2.3"
      }
    },
    "mini-svg-data-uri": {
      "version": "1.4.3",
      "resolved": "https://registry.npmjs.org/mini-svg-data-uri/-/mini-svg-data-uri-1.4.3.tgz",
      "integrity": "sha512-gSfqpMRC8IxghvMcxzzmMnWpXAChSA+vy4cia33RgerMS8Fex95akUyQZPbxJJmeBGiGmK7n/1OpUX8ksRjIdA==",
      "dev": true
    }
  }
}
